
Microsoft Visual Studio Solution File, Format Version 12.00
Project("{FAE04EC0-301F-11D3-BF4B-00C04F79EFBC}") = "AreaFigures", "AreaFigures\AreaFigures.csproj", "{8C0C9208-DDC8-488A-A312-8D19FA3625D5}"
EndProject
Project("{FAE04EC0-301F-11D3-BF4B-00C04F79EFBC}") = "AreaFiguresTests", "AreaFiguresTests\AreaFiguresTests.csproj", "{69978176-2D1F-48EA-9D35-F69A7586F00C}"
EndProject
Global
	GlobalSection(SolutionConfigurationPlatforms) = preSolution
		Debug|Any CPU = Debug|Any CPU
		Release|Any CPU = Release|Any CPU
	EndGlobalSection
	GlobalSection(ProjectConfigurationPlatforms) = postSolution
		{8C0C9208-DDC8-488A-A312-8D19FA3625D5}.Debug|Any CPU.ActiveCfg = Debug|Any CPU
		{8C0C9208-DDC8-488A-A312-8D19FA3625D5}.Debug|Any CPU.Build.0 = Debug|Any CPU
		{8C0C9208-DDC8-488A-A312-8D19FA3625D5}.Release|Any CPU.ActiveCfg = Release|Any CPU
		{8C0C9208-DDC8-488A-A312-8D19FA3625D5}.Release|Any CPU.Build.0 = Release|Any CPU
		{69978176-2D1F-48EA-9D35-F69A7586F00C}.Debug|Any CPU.ActiveCfg = Debug|Any CPU
		{69978176-2D1F-48EA-9D35-F69A7586F00C}.Debug|Any CPU.Build.0 = Debug|Any CPU
		{69978176-2D1F-48EA-9D35-F69A7586F00C}.Release|Any CPU.ActiveCfg = Release|Any CPU
		{69978176-2D1F-48EA-9D35-F69A7586F00C}.Release|Any CPU.Build.0 = Release|Any CPU
	EndGlobalSection
EndGlobal
