
Microsoft Visual Studio Solution File, Format Version 12.00
# Visual Studio Version 16
VisualStudioVersion = 16.0.32901.82
MinimumVisualStudioVersion = 10.0.40219.1
Project("{FAE04EC0-301F-11D3-BF4B-00C04F79EFBC}") = "WebAPI", "WebAPI\WebAPI.csproj", "{BC02130D-28BD-46E3-9BD5-D952A88D3F84}"
EndProject
Global
	GlobalSection(SolutionConfigurationPlatforms) = preSolution
		Debug|Any CPU = Debug|Any CPU
		Release|Any CPU = Release|Any CPU
	EndGlobalSection
	GlobalSection(ProjectConfigurationPlatforms) = postSolution
		{BC02130D-28BD-46E3-9BD5-D952A88D3F84}.Debug|Any CPU.ActiveCfg = Debug|Any CPU
		{BC02130D-28BD-46E3-9BD5-D952A88D3F84}.Debug|Any CPU.Build.0 = Debug|Any CPU
		{BC02130D-28BD-46E3-9BD5-D952A88D3F84}.Release|Any CPU.ActiveCfg = Release|Any CPU
		{BC02130D-28BD-46E3-9BD5-D952A88D3F84}.Release|Any CPU.Build.0 = Release|Any CPU
	EndGlobalSection
	GlobalSection(SolutionProperties) = preSolution
		HideSolutionNode = FALSE
	EndGlobalSection
	GlobalSection(ExtensibilityGlobals) = postSolution
		SolutionGuid = {23F11FA7-1C1B-4183-BFF1-45DD91D545BF}
	EndGlobalSection
EndGlobal
